{
  "requires": true,
  "lockfileVersion": 1,
  "dependencies": {
    "distance-calculator-js": {
      "version": "1.0.0",
      "resolved": "https://registry.npmjs.org/distance-calculator-js/-/distance-calculator-js-1.0.0.tgz",
      "integrity": "sha512-O33cKhIpnpcihRDT/1z7DaQdlX8t7AgL0aXfeSid71MqZMI0BpGFSI2yK6XZulLcrU5+uTnJobSpjbVfwY9KSQ=="
    }
  }
}
